{
  "name": "@digitransit-component/digitransit-component-autosuggest",
  "version": "1.7.14",
  "lockfileVersion": 1,
  "requires": true,
  "dependencies": {
    "@digitransit-search-util/digitransit-search-util-execute-search-immidiate": {
      "version": "0.3.3",
      "resolved": "https://registry.npmjs.org/@digitransit-search-util/digitransit-search-util-execute-search-immidiate/-/digitransit-search-util-execute-search-immidiate-0.3.3.tgz",
      "integrity": "sha512-+n5Y/qF2lG+uqUzEBAsUPoLGFxyKO/rO4fZfPpWfVxc9Nh3tH/hYtXGVzAtpuE3zQNzDjm9oM3/vF3ibCmTDng==",
      "requires": {
        "@digitransit-search-util/digitransit-search-util-filter-matching-to-input": "0.0.3",
        "@digitransit-search-util/digitransit-search-util-get-geocoding-results": "0.0.4",
        "@digitransit-search-util/digitransit-search-util-get-json": "0.0.3",
        "@digitransit-search-util/digitransit-search-util-helpers": "0.1.5",
        "@digitransit-search-util/digitransit-search-util-uniq-by-label": "0.1.1",
        "lodash": "4.17.21"
      }
    },
    "@digitransit-search-util/digitransit-search-util-filter-matching-to-input": {
      "version": "0.0.3",
      "resolved": "https://registry.npmjs.org/@digitransit-search-util/digitransit-search-util-filter-matching-to-input/-/digitransit-search-util-filter-matching-to-input-0.0.3.tgz",
      "integrity": "sha512-RpzQMJ0bBvIbjI92W1ms0Vo64M6ZrJdXI8MybzOb2pjz8TsECwztWpA4/wzLYugrNY33ja5gdNUA//UOsOrGvw==",
      "requires": {
        "lodash": "4.17.21"
      }
    },
    "@digitransit-search-util/digitransit-search-util-get-geocoding-results": {
      "version": "0.0.4",
      "resolved": "https://registry.npmjs.org/@digitransit-search-util/digitransit-search-util-get-geocoding-results/-/digitransit-search-util-get-geocoding-results-0.0.4.tgz",
      "integrity": "sha512-LwLwTl5ibyW+dzkCIYKKTd7d0fDPLF3C+DuzTKAMeXKKdl63hxKc+ZAkgoLOf0fOuqOZCL8KEGEXvKYnPwCGsg==",
      "requires": {
        "@digitransit-search-util/digitransit-search-util-get-json": "0.0.3"
      }
    },
    "@digitransit-search-util/digitransit-search-util-get-json": {
      "version": "0.0.3",
      "resolved": "https://registry.npmjs.org/@digitransit-search-util/digitransit-search-util-get-json/-/digitransit-search-util-get-json-0.0.3.tgz",
      "integrity": "sha512-0XTAzgt3OvemW0fg768ELhQABGLapSti9oJQefzYXAQKK+CJ2ZaCieSYvyZgRyeOlsaHltLrJbA4C1Pa9gC88Q==",
      "requires": {
        "@digitransit-search-util/digitransit-search-util-serialize": "0.0.2",
        "axios": "0.20.0"
      }
    },
    "@digitransit-search-util/digitransit-search-util-get-label": {
      "version": "0.1.1",
      "resolved": "https://registry.npmjs.org/@digitransit-search-util/digitransit-search-util-get-label/-/digitransit-search-util-get-label-0.1.1.tgz",
      "integrity": "sha512-BLhZURN8jQb8V+u/q7OjrEbVHwpGJJiz5zWEWLqFBSZU1zeRZfCVWdb23n1FMUCKceT6GPRXOPj8lnoj0CjBRg==",
      "requires": {
        "@digitransit-search-util/digitransit-search-util-uniq-by-label": "0.1.1"
      }
    },
    "@digitransit-search-util/digitransit-search-util-helpers": {
      "version": "0.1.5",
      "resolved": "https://registry.npmjs.org/@digitransit-search-util/digitransit-search-util-helpers/-/digitransit-search-util-helpers-0.1.5.tgz",
      "integrity": "sha512-Nm/NQINLIqXUuQRU0JFGq/NET6KrbY0Tai0hL4o8OH7jTwEEC9g9v4f5JtUhAckDwkv/vSZTIN/kdqR/TUbtbQ==",
      "requires": {
        "@digitransit-search-util/digitransit-search-util-is-duplicate": "0.0.7",
        "lodash": "4.17.21"
      }
    },
    "@digitransit-search-util/digitransit-search-util-is-duplicate": {
      "version": "0.0.7",
      "resolved": "https://registry.npmjs.org/@digitransit-search-util/digitransit-search-util-is-duplicate/-/digitransit-search-util-is-duplicate-0.0.7.tgz",
      "integrity": "sha512-JQz/FzpRp/Mga5Bw8VRLU/DdOt/y2F13YYxDHfZuG9V0+yLdeNW0mGVOVTC2LLd7iOmElMG8I5ALmbdsfz0fbA==",
      "requires": {
        "@digitransit-search-util/digitransit-search-util-tru-eq": "0.0.2"
      }
    },
    "@digitransit-search-util/digitransit-search-util-serialize": {
      "version": "0.0.2",
      "resolved": "https://registry.npmjs.org/@digitransit-search-util/digitransit-search-util-serialize/-/digitransit-search-util-serialize-0.0.2.tgz",
      "integrity": "sha512-CJuwHjCgYSkpfbAk/F7SkuIs6Llteilt1ZgQ4hlA9JkhKDraxiLPJuBG0NHQ15vw7ssdTNt+hWNupSaToMlH+g=="
    },
    "@digitransit-search-util/digitransit-search-util-tru-eq": {
      "version": "0.0.2",
      "resolved": "https://registry.npmjs.org/@digitransit-search-util/digitransit-search-util-tru-eq/-/digitransit-search-util-tru-eq-0.0.2.tgz",
      "integrity": "sha512-RyuQ3sYDjlk4eQ0a+Js8dd1DP/bvzHNEykiPfWw1+YECvFGFbesjUXwt9SnynhaNRNI9la6eYvbF2UrJUOsf3g=="
    },
    "@digitransit-search-util/digitransit-search-util-uniq-by-label": {
      "version": "0.1.1",
      "resolved": "https://registry.npmjs.org/@digitransit-search-util/digitransit-search-util-uniq-by-label/-/digitransit-search-util-uniq-by-label-0.1.1.tgz",
      "integrity": "sha512-XNkZwYtvslUgDPYDg7d+9NLKGPXjyCTizsOrLRmCmpPjJ05AcrvrDJTtFOIWFG34UIjtYnd9uIpIacpX1cLHMA==",
      "requires": {
        "lodash": "4.17.21",
        "lodash-es": "4.17.21"
      }
    },
    "@hsl-fi/hooks": {
      "version": "0.2.1",
      "resolved": "https://registry.npmjs.org/@hsl-fi/hooks/-/hooks-0.2.1.tgz",
      "integrity": "sha512-XszVsNGwpntYeizRdv/VaPhT09Qv5MTp/ZEE1IG8MvQZE7VGzMrVxQ+StKvuT3VnCGc+DPYeoFMB8pQodva0XA=="
    },
    "axios": {
      "version": "0.20.0",
      "resolved": "https://registry.npmjs.org/axios/-/axios-0.20.0.tgz",
      "integrity": "sha512-ANA4rr2BDcmmAQLOKft2fufrtuvlqR+cXNNinUmvfeSNCOF98PZL+7M/v1zIdGo7OLjEA9J2gXJL+j4zGsl0bA==",
      "requires": {
        "follow-redirects": "^1.10.0"
      }
    },
    "follow-redirects": {
      "version": "1.14.4",
      "resolved": "https://registry.npmjs.org/follow-redirects/-/follow-redirects-1.14.4.tgz",
      "integrity": "sha512-zwGkiSXC1MUJG/qmeIFH2HBJx9u0V46QGUe3YR1fXG8bXQxq7fLj0RjLZQ5nubr9qNJUZrH+xUcwXEoXNpfS+g=="
    },
    "lodash": {
      "version": "4.17.21",
      "resolved": "https://registry.npmjs.org/lodash/-/lodash-4.17.21.tgz",
      "integrity": "sha512-v2kDEe57lecTulaDIuNTPy3Ry4gLGJ6Z1O3vE1krgXZNrsQ+LFTGHVxVjcXPs17LhbZVGedAJv8XZ1tvj5FvSg=="
    },
    "lodash-es": {
      "version": "4.17.21",
      "resolved": "https://registry.npmjs.org/lodash-es/-/lodash-es-4.17.21.tgz",
      "integrity": "sha512-mKnC+QJ9pWVzv+C4/U3rRsHapFfHvQFoFB92e52xeyGMcX6/OlIl78je1u8vePzYZSkkogMPJ2yjxxsb89cxyw=="
    }
  }
}
